// !$*UTF8*$!
{
	archiveVersion = 1;
	classes = {
	};
	objectVersion = 50;
	objects = {

/* Begin PBXBuildFile section */
		72D52D4B24494C2B00F82530 /* AppDelegate.swift in Sources */ = {isa = PBXBuildFile; fileRef = 72D52D4A24494C2B00F82530 /* AppDelegate.swift */; };
		72D52D4D24494C2B00F82530 /* SceneDelegate.swift in Sources */ = {isa = PBXBuildFile; fileRef = 72D52D4C24494C2B00F82530 /* SceneDelegate.swift */; };
		72D52D4F24494C2B00F82530 /* ViewController.swift in Sources */ = {isa = PBXBuildFile; fileRef = 72D52D4E24494C2B00F82530 /* ViewController.swift */; };
		72D52D5224494C2B00F82530 /* Main.storyboard in Resources */ = {isa = PBXBuildFile; fileRef = 72D52D5024494C2B00F82530 /* Main.storyboard */; };
		72D52D5424494C2F00F82530 /* Assets.xcassets in Resources */ = {isa = PBXBuildFile; fileRef = 72D52D5324494C2F00F82530 /* Assets.xcassets */; };
		72D52D5724494C2F00F82530 /* LaunchScreen.storyboard in Resources */ = {isa = PBXBuildFile; fileRef = 72D52D5524494C2F00F82530 /* LaunchScreen.storyboard */; };
		72D52D6224494C2F00F82530 /* COVID_19Tests.swift in Sources */ = {isa = PBXBuildFile; fileRef = 72D52D6124494C2F00F82530 /* COVID_19Tests.swift */; };
		72D52D6D24494C3000F82530 /* COVID_19UITests.swift in Sources */ = {isa = PBXBuildFile; fileRef = 72D52D6C24494C3000F82530 /* COVID_19UITests.swift */; };
/* End PBXBuildFile section */

/* Begin PBXContainerItemProxy section */
		72D52D5E24494C2F00F82530 /* PBXContainerItemProxy */ = {
			isa = PBXContainerItemProxy;
			containerPortal = 72D52D3F24494C2B00F82530 /* Project object */;
			proxyType = 1;
			remoteGlobalIDString = 72D52D4624494C2B00F82530;
			remoteInfo = "COVID-19";
		};
		72D52D6924494C3000F82530 /* PBXContainerItemProxy */ = {
			isa = PBXContainerItemProxy;
			containerPortal = 72D52D3F24494C2B00F82530 /* Project object */;
			proxyType = 1;
			remoteGlobalIDString = 72D52D4624494C2B00F82530;
			remoteInfo = "COVID-19";
		};
/* End PBXContainerItemProxy section */

/* Begin PBXFileReference section */
		72D52D4724494C2B00F82530 /* COVID-19.app */ = {isa = PBXFileReference; explicitFileType = wrapper.application; includeInIndex = 0; path = "COVID-19.app"; sourceTree = BUILT_PRODUCTS_DIR; };
		72D52D4A24494C2B00F82530 /* AppDelegate.swift */ = {isa = PBXFileReference; lastKnownFileType = sourcecode.swift; path = AppDelegate.swift; sourceTree = "<group>"; };
		72D52D4C24494C2B00F82530 /* SceneDelegate.swift */ = {isa = PBXFileReference; lastKnownFileType = sourcecode.swift; path = SceneDelegate.swift; sourceTree = "<group>"; };
		72D52D4E24494C2B00F82530 /* ViewController.swift */ = {isa = PBXFileReference; lastKnownFileType = sourcecode.swift; path = ViewController.swift; sourceTree = "<group>"; };
		72D52D5124494C2B00F82530 /* Base */ = {isa = PBXFileReference; lastKnownFileType = file.storyboard; name = Base; path = Base.lproj/Main.storyboard; sourceTree = "<group>"; };
		72D52D5324494C2F00F82530 /* Assets.xcassets */ = {isa = PBXFileReference; lastKnownFileType = folder.assetcatalog; path = Assets.xcassets; sourceTree = "<group>"; };
		72D52D5624494C2F00F82530 /* Base */ = {isa = PBXFileReference; lastKnownFileType = file.storyboard; name = Base; path = Base.lproj/LaunchScreen.storyboard; sourceTree = "<group>"; };
		72D52D5824494C2F00F82530 /* Info.plist */ = {isa = PBXFileReference; lastKnownFileType = text.plist.xml; path = Info.plist; sourceTree = "<group>"; };
		72D52D5D24494C2F00F82530 /* COVID-19Tests.xctest */ = {isa = PBXFileReference; explicitFileType = wrapper.cfbundle; includeInIndex = 0; path = "COVID-19Tests.xctest"; sourceTree = BUILT_PRODUCTS_DIR; };
		72D52D6124494C2F00F82530 /* COVID_19Tests.swift */ = {isa = PBXFileReference; lastKnownFileType = sourcecode.swift; path = COVID_19Tests.swift; sourceTree = "<group>"; };
		72D52D6324494C2F00F82530 /* Info.plist */ = {isa = PBXFileReference; lastKnownFileType = text.plist.xml; path = Info.plist; sourceTree = "<group>"; };
		72D52D6824494C2F00F82530 /* COVID-19UITests.xctest */ = {isa = PBXFileReference; explicitFileType = wrapper.cfbundle; includeInIndex = 0; path = "COVID-19UITests.xctest"; sourceTree = BUILT_PRODUCTS_DIR; };
		72D52D6C24494C3000F82530 /* COVID_19UITests.swift */ = {isa = PBXFileReference; lastKnownFileType = sourcecode.swift; path = COVID_19UITests.swift; sourceTree = "<group>"; };
		72D52D6E24494C3000F82530 /* Info.plist */ = {isa = PBXFileReference; lastKnownFileType = text.plist.xml; path = Info.plist; sourceTree = "<group>"; };
/* End PBXFileReference section */

/* Begin PBXFrameworksBuildPhase section */
		72D52D4424494C2B00F82530 /* Frameworks */ = {
			isa = PBXFrameworksBuildPhase;
			buildActionMask = 2147483647;
			files = (
			);
			runOnlyForDeploymentPostprocessing = 0;
		};
		72D52D5A24494C2F00F82530 /* Frameworks */ = {
			isa = PBXFrameworksBuildPhase;
			buildActionMask = 2147483647;
			files = (
			);
			runOnlyForDeploymentPostprocessing = 0;
		};
		72D52D6524494C2F00F82530 /* Frameworks */ = {
			isa = PBXFrameworksBuildPhase;
			buildActionMask = 2147483647;
			files = (
			);
			runOnlyForDeploymentPostprocessing = 0;
		};
/* End PBXFrameworksBuildPhase section */

/* Begin PBXGroup section */
		72D52D3E24494C2B00F82530 = {
			isa = PBXGroup;
			children = (
				72D52D4924494C2B00F82530 /* COVID-19 */,
				72D52D6024494C2F00F82530 /* COVID-19Tests */,
				72D52D6B24494C3000F82530 /* COVID-19UITests */,
				72D52D4824494C2B00F82530 /* Products */,
			);
			sourceTree = "<group>";
		};
		72D52D4824494C2B00F82530 /* Products */ = {
			isa = PBXGroup;
			children = (
				72D52D4724494C2B00F82530 /* COVID-19.app */,
				72D52D5D24494C2F00F82530 /* COVID-19Tests.xctest */,
				72D52D6824494C2F00F82530 /* COVID-19UITests.xctest */,
			);
			name = Products;
			sourceTree = "<group>";
		};
		72D52D4924494C2B00F82530 /* COVID-19 */ = {
			isa = PBXGroup;
			children = (
				72D52D4A24494C2B00F82530 /* AppDelegate.swift */,
				72D52D4C24494C2B00F82530 /* SceneDelegate.swift */,
				72D52D4E24494C2B00F82530 /* ViewController.swift */,
				72D52D5024494C2B00F82530 /* Main.storyboard */,
				72D52D5324494C2F00F82530 /* Assets.xcassets */,
				72D52D5524494C2F00F82530 /* LaunchScreen.storyboard */,
				72D52D5824494C2F00F82530 /* Info.plist */,
			);
			path = "COVID-19";
			sourceTree = "<group>";
		};
		72D52D6024494C2F00F82530 /* COVID-19Tests */ = {
			isa = PBXGroup;
			children = (
				72D52D6124494C2F00F82530 /* COVID_19Tests.swift */,
				72D52D6324494C2F00F82530 /* Info.plist */,
			);
			path = "COVID-19Tests";
			sourceTree = "<group>";
		};
		72D52D6B24494C3000F82530 /* COVID-19UITests */ = {
			isa = PBXGroup;
			children = (
				72D52D6C24494C3000F82530 /* COVID_19UITests.swift */,
				72D52D6E24494C3000F82530 /* Info.plist */,
			);
			path = "COVID-19UITests";
			sourceTree = "<group>";
		};
/* End PBXGroup section */

/* Begin PBXNativeTarget section */
		72D52D4624494C2B00F82530 /* COVID-19 */ = {
			isa = PBXNativeTarget;
			buildConfigurationList = 72D52D7124494C3000F82530 /* Build configuration list for PBXNativeTarget "COVID-19" */;
			buildPhases = (
				72D52D4324494C2B00F82530 /* Sources */,
				72D52D4424494C2B00F82530 /* Frameworks */,
				72D52D4524494C2B00F82530 /* Resources */,
			);
			buildRules = (
			);
			dependencies = (
			);
			name = "COVID-19";
			productName = "COVID-19";
			productReference = 72D52D4724494C2B00F82530 /* COVID-19.app */;
			productType = "com.apple.product-type.application";
		};
		72D52D5C24494C2F00F82530 /* COVID-19Tests */ = {
			isa = PBXNativeTarget;
			buildConfigurationList = 72D52D7424494C3000F82530 /* Build configuration list for PBXNativeTarget "COVID-19Tests" */;
			buildPhases = (
				72D52D5924494C2F00F82530 /* Sources */,
				72D52D5A24494C2F00F82530 /* Frameworks */,
				72D52D5B24494C2F00F82530 /* Resources */,
			);
			buildRules = (
			);
			dependencies = (
				72D52D5F24494C2F00F82530 /* PBXTargetDependency */,
			);
			name = "COVID-19Tests";
			productName = "COVID-19Tests";
			productReference = 72D52D5D24494C2F00F82530 /* COVID-19Tests.xctest */;
			productType = "com.apple.product-type.bundle.unit-test";
		};
		72D52D6724494C2F00F82530 /* COVID-19UITests */ = {
			isa = PBXNativeTarget;
			buildConfigurationList = 72D52D7724494C3000F82530 /* Build configuration list for PBXNativeTarget "COVID-19UITests" */;
			buildPhases = (
				72D52D6424494C2F00F82530 /* Sources */,
				72D52D6524494C2F00F82530 /* Frameworks */,
				72D52D6624494C2F00F82530 /* Resources */,
			);
			buildRules = (
			);
			dependencies = (
				72D52D6A24494C3000F82530 /* PBXTargetDependency */,
			);
			name = "COVID-19UITests";
			productName = "COVID-19UITests";
			productReference = 72D52D6824494C2F00F82530 /* COVID-19UITests.xctest */;
			productType = "com.apple.product-type.bundle.ui-testing";
		};
/* End PBXNativeTarget section */

/* Begin PBXProject section */
		72D52D3F24494C2B00F82530 /* Project object */ = {
			isa = PBXProject;
			attributes = {
				LastSwiftUpdateCheck = 1130;
				LastUpgradeCheck = 1130;
				ORGANIZATIONNAME = "saj panchal";
				TargetAttributes = {
					72D52D4624494C2B00F82530 = {
						CreatedOnToolsVersion = 11.3.1;
					};
					72D52D5C24494C2F00F82530 = {
						CreatedOnToolsVersion = 11.3.1;
						TestTargetID = 72D52D4624494C2B00F82530;
					};
					72D52D6724494C2F00F82530 = {
						CreatedOnToolsVersion = 11.3.1;
						TestTargetID = 72D52D4624494C2B00F82530;
					};
				};
			};
			buildConfigurationList = 72D52D4224494C2B00F82530 /* Build configuration list for PBXProject "COVID-19" */;
			compatibilityVersion = "Xcode 9.3";
			developmentRegion = en;
			hasScannedForEncodings = 0;
			knownRegions = (
				en,
				Base,
			);
			mainGroup = 72D52D3E24494C2B00F82530;
			productRefGroup = 72D52D4824494C2B00F82530 /* Products */;
			projectDirPath = "";
			projectRoot = "";
			targets = (
				72D52D4624494C2B00F82530 /* COVID-19 */,
				72D52D5C24494C2F00F82530 /* COVID-19Tests */,
				72D52D6724494C2F00F82530 /* COVID-19UITests */,
			);
		};
/* End PBXProject section */

/* Begin PBXResourcesBuildPhase section */
		72D52D4524494C2B00F82530 /* Resources */ = {
			isa = PBXResourcesBuildPhase;
			buildActionMask = 2147483647;
			files = (
				72D52D5724494C2F00F82530 /* LaunchScreen.storyboard in Resources */,
				72D52D5424494C2F00F82530 /* Assets.xcassets in Resources */,
				72D52D5224494C2B00F82530 /* Main.storyboard in Resources */,
			);
			runOnlyForDeploymentPostprocessing = 0;
		};
		72D52D5B24494C2F00F82530 /* Resources */ = {
			isa = PBXResourcesBuildPhase;
			buildActionMask = 2147483647;
			files = (
			);
			runOnlyForDeploymentPostprocessing = 0;
		};
		72D52D6624494C2F00F82530 /* Resources */ = {
			isa = PBXResourcesBuildPhase;
			buildActionMask = 2147483647;
			files = (
			);
			runOnlyForDeploymentPostprocessing = 0;
		};
/* End PBXResourcesBuildPhase section */

/* Begin PBXSourcesBuildPhase section */
		72D52D4324494C2B00F82530 /* Sources */ = {
			isa = PBXSourcesBuildPhase;
			buildActionMask = 2147483647;
			files = (
				72D52D4F24494C2B00F82530 /* ViewController.swift in Sources */,
				72D52D4B24494C2B00F82530 /* AppDelegate.swift in Sources */,
				72D52D4D24494C2B00F82530 /* SceneDelegate.swift in Sources */,
			);
			runOnlyForDeploymentPostprocessing = 0;
		};
		72D52D5924494C2F00F82530 /* Sources */ = {
			isa = PBXSourcesBuildPhase;
			buildActionMask = 2147483647;
			files = (
				72D52D6224494C2F00F82530 /* COVID_19Tests.swift in Sources */,
			);
			runOnlyForDeploymentPostprocessing = 0;
		};
		72D52D6424494C2F00F82530 /* Sources */ = {
			isa = PBXSourcesBuildPhase;
			buildActionMask = 2147483647;
			files = (
				72D52D6D24494C3000F82530 /* COVID_19UITests.swift in Sources */,
			);
			runOnlyForDeploymentPostprocessing = 0;
		};
/* End PBXSourcesBuildPhase section */

/* Begin PBXTargetDependency section */
		72D52D5F24494C2F00F82530 /* PBXTargetDependency */ = {
			isa = PBXTargetDependency;
			target = 72D52D4624494C2B00F82530 /* COVID-19 */;
			targetProxy = 72D52D5E24494C2F00F82530 /* PBXContainerItemProxy */;
		};
		72D52D6A24494C3000F82530 /* PBXTargetDependency */ = {
			isa = PBXTargetDependency;
			target = 72D52D4624494C2B00F82530 /* COVID-19 */;
			targetProxy = 72D52D6924494C3000F82530 /* PBXContainerItemProxy */;
		};
/* End PBXTargetDependency section */

/* Begin PBXVariantGroup section */
		72D52D5024494C2B00F82530 /* Main.storyboard */ = {
			isa = PBXVariantGroup;
			children = (
				72D52D5124494C2B00F82530 /* Base */,
			);
			name = Main.storyboard;
			sourceTree = "<group>";
		};
		72D52D5524494C2F00F82530 /* LaunchScreen.storyboard */ = {
			isa = PBXVariantGroup;
			children = (
				72D52D5624494C2F00F82530 /* Base */,
			);
			name = LaunchScreen.storyboard;
			sourceTree = "<group>";
		};
/* End PBXVariantGroup section */

/* Begin XCBuildConfiguration section */
		72D52D6F24494C3000F82530 /* Debug */ = {
			isa = XCBuildConfiguration;
			buildSettings = {
				ALWAYS_SEARCH_USER_PATHS = NO;
				CLANG_ANALYZER_NONNULL = YES;
				CLANG_ANALYZER_NUMBER_OBJECT_CONVERSION = YES_AGGRESSIVE;
				CLANG_CXX_LANGUAGE_STANDARD = "gnu++14";
				CLANG_CXX_LIBRARY = "libc++";
				CLANG_ENABLE_MODULES = YES;
				CLANG_ENABLE_OBJC_ARC = YES;
				CLANG_ENABLE_OBJC_WEAK = YES;
				CLANG_WARN_BLOCK_CAPTURE_AUTORELEASING = YES;
				CLANG_WARN_BOOL_CONVERSION = YES;
				CLANG_WARN_COMMA = YES;
				CLANG_WARN_CONSTANT_CONVERSION = YES;
				CLANG_WARN_DEPRECATED_OBJC_IMPLEMENTATIONS = YES;
				CLANG_WARN_DIRECT_OBJC_ISA_USAGE = YES_ERROR;
				CLANG_WARN_DOCUMENTATION_COMMENTS = YES;
				CLANG_WARN_EMPTY_BODY = YES;
				CLANG_WARN_ENUM_CONVERSION = YES;
				CLANG_WARN_INFINITE_RECURSION = YES;
				CLANG_WARN_INT_CONVERSION = YES;
				CLANG_WARN_NON_LITERAL_NULL_CONVERSION = YES;
				CLANG_WARN_OBJC_IMPLICIT_RETAIN_SELF = YES;
				CLANG_WARN_OBJC_LITERAL_CONVERSION = YES;
				CLANG_WARN_OBJC_ROOT_CLASS = YES_ERROR;
				CLANG_WARN_RANGE_LOOP_ANALYSIS = YES;
				CLANG_WARN_STRICT_PROTOTYPES = YES;
				CLANG_WARN_SUSPICIOUS_MOVE = YES;
				CLANG_WARN_UNGUARDED_AVAILABILITY = YES_AGGRESSIVE;
				CLANG_WARN_UNREACHABLE_CODE = YES;
				CLANG_WARN__DUPLICATE_METHOD_MATCH = YES;
				COPY_PHASE_STRIP = NO;
				DEBUG_INFORMATION_FORMAT = dwarf;
				ENABLE_STRICT_OBJC_MSGSEND = YES;
				ENABLE_TESTABILITY = YES;
				GCC_C_LANGUAGE_STANDARD = gnu11;
				GCC_DYNAMIC_NO_PIC = NO;
				GCC_NO_COMMON_BLOCKS = YES;
				GCC_OPTIMIZATION_LEVEL = 0;
				GCC_PREPROCESSOR_DEFINITIONS = (
					"DEBUG=1",
					"$(inherited)",
				);
				GCC_WARN_64_TO_32_BIT_CONVERSION = YES;
				GCC_WARN_ABOUT_RETURN_TYPE = YES_ERROR;
				GCC_WARN_UNDECLARED_SELECTOR = YES;
				GCC_WARN_UNINITIALIZED_AUTOS = YES_AGGRESSIVE;
				GCC_WARN_UNUSED_FUNCTION = YES;
				GCC_WARN_UNUSED_VARIABLE = YES;
				IPHONEOS_DEPLOYMENT_TARGET = 13.2;
				MTL_ENABLE_DEBUG_INFO = INCLUDE_SOURCE;
				MTL_FAST_MATH = YES;
				ONLY_ACTIVE_ARCH = YES;
				SDKROOT = iphoneos;
				SWIFT_ACTIVE_COMPILATION_CONDITIONS = DEBUG;
				SWIFT_OPTIMIZATION_LEVEL = "-Onone";
			};
			name = Debug;
		};
		72D52D7024494C3000F82530 /* Release */ = {
			isa = XCBuildConfiguration;
			buildSettings = {
				ALWAYS_SEARCH_USER_PATHS = NO;
				CLANG_ANALYZER_NONNULL = YES;
				CLANG_ANALYZER_NUMBER_OBJECT_CONVERSION = YES_AGGRESSIVE;
				CLANG_CXX_LANGUAGE_STANDARD = "gnu++14";
				CLANG_CXX_LIBRARY = "libc++";
				CLANG_ENABLE_MODULES = YES;
				CLANG_ENABLE_OBJC_ARC = YES;
				CLANG_ENABLE_OBJC_WEAK = YES;
				CLANG_WARN_BLOCK_CAPTURE_AUTORELEASING = YES;
				CLANG_WARN_BOOL_CONVERSION = YES;
				CLANG_WARN_COMMA = YES;
				CLANG_WARN_CONSTANT_CONVERSION = YES;
				CLANG_WARN_DEPRECATED_OBJC_IMPLEMENTATIONS = YES;
				CLANG_WARN_DIRECT_OBJC_ISA_USAGE = YES_ERROR;
				CLANG_WARN_DOCUMENTATION_COMMENTS = YES;
				CLANG_WARN_EMPTY_BODY = YES;
				CLANG_WARN_ENUM_CONVERSION = YES;
				CLANG_WARN_INFINITE_RECURSION = YES;
				CLANG_WARN_INT_CONVERSION = YES;
				CLANG_WARN_NON_LITERAL_NULL_CONVERSION = YES;
				CLANG_WARN_OBJC_IMPLICIT_RETAIN_SELF = YES;
				CLANG_WARN_OBJC_LITERAL_CONVERSION = YES;
				CLANG_WARN_OBJC_ROOT_CLASS = YES_ERROR;
				CLANG_WARN_RANGE_LOOP_ANALYSIS = YES;
				CLANG_WARN_STRICT_PROTOTYPES = YES;
				CLANG_WARN_SUSPICIOUS_MOVE = YES;
				CLANG_WARN_UNGUARDED_AVAILABILITY = YES_AGGRESSIVE;
				CLANG_WARN_UNREACHABLE_CODE = YES;
				CLANG_WARN__DUPLICATE_METHOD_MATCH = YES;
				COPY_PHASE_STRIP = NO;
				DEBUG_INFORMATION_FORMAT = "dwarf-with-dsym";
				ENABLE_NS_ASSERTIONS = NO;
				ENABLE_STRICT_OBJC_MSGSEND = YES;
				GCC_C_LANGUAGE_STANDARD = gnu11;
				GCC_NO_COMMON_BLOCKS = YES;
				GCC_WARN_64_TO_32_BIT_CONVERSION = YES;
				GCC_WARN_ABOUT_RETURN_TYPE = YES_ERROR;
				GCC_WARN_UNDECLARED_SELECTOR = YES;
				GCC_WARN_UNINITIALIZED_AUTOS = YES_AGGRESSIVE;
				GCC_WARN_UNUSED_FUNCTION = YES;
				GCC_WARN_UNUSED_VARIABLE = YES;
				IPHONEOS_DEPLOYMENT_TARGET = 13.2;
				MTL_ENABLE_DEBUG_INFO = NO;
				MTL_FAST_MATH = YES;
				SDKROOT = iphoneos;
				SWIFT_COMPILATION_MODE = wholemodule;
				SWIFT_OPTIMIZATION_LEVEL = "-O";
				VALIDATE_PRODUCT = YES;
			};
			name = Release;
		};
		72D52D7224494C3000F82530 /* Debug */ = {
			isa = XCBuildConfiguration;
			buildSettings = {
				ASSETCATALOG_COMPILER_APPICON_NAME = AppIcon;
				CODE_SIGN_STYLE = Automatic;
				INFOPLIST_FILE = "COVID-19/Info.plist";
				LD_RUNPATH_SEARCH_PATHS = (
					"$(inherited)",
					"@executable_path/Frameworks",
				);
				PRODUCT_BUNDLE_IDENTIFIER = "ios.COVID-19";
				PRODUCT_NAME = "$(TARGET_NAME)";
				SWIFT_VERSION = 5.0;
				TARGETED_DEVICE_FAMILY = "1,2";
			};
			name = Debug;
		};
		72D52D7324494C3000F82530 /* Release */ = {
			isa = XCBuildConfiguration;
			buildSettings = {
				ASSETCATALOG_COMPILER_APPICON_NAME = AppIcon;
				CODE_SIGN_STYLE = Automatic;
				INFOPLIST_FILE = "COVID-19/Info.plist";
				LD_RUNPATH_SEARCH_PATHS = (
					"$(inherited)",
					"@executable_path/Frameworks",
				);
				PRODUCT_BUNDLE_IDENTIFIER = "ios.COVID-19";
				PRODUCT_NAME = "$(TARGET_NAME)";
				SWIFT_VERSION = 5.0;
				TARGETED_DEVICE_FAMILY = "1,2";
			};
			name = Release;
		};
		72D52D7524494C3000F82530 /* Debug */ = {
			isa = XCBuildConfiguration;
			buildSettings = {
				ALWAYS_EMBED_SWIFT_STANDARD_LIBRARIES = YES;
				BUNDLE_LOADER = "$(TEST_HOST)";
				CODE_SIGN_STYLE = Automatic;
				INFOPLIST_FILE = "COVID-19Tests/Info.plist";
				IPHONEOS_DEPLOYMENT_TARGET = 13.2;
				LD_RUNPATH_SEARCH_PATHS = (
					"$(inherited)",
					"@executable_path/Frameworks",
					"@loader_path/Frameworks",
				);
				PRODUCT_BUNDLE_IDENTIFIER = "ios.COVID-19Tests";
				PRODUCT_NAME = "$(TARGET_NAME)";
				SWIFT_VERSION = 5.0;
				TARGETED_DEVICE_FAMILY = "1,2";
				TEST_HOST = "$(BUILT_PRODUCTS_DIR)/COVID-19.app/COVID-19";
			};
			name = Debug;
		};
		72D52D7624494C3000F82530 /* Release */ = {
			isa = XCBuildConfiguration;
			buildSettings = {
				ALWAYS_EMBED_SWIFT_STANDARD_LIBRARIES = YES;
				BUNDLE_LOADER = "$(TEST_HOST)";
				CODE_SIGN_STYLE = Automatic;
				INFOPLIST_FILE = "COVID-19Tests/Info.plist";
				IPHONEOS_DEPLOYMENT_TARGET = 13.2;
				LD_RUNPATH_SEARCH_PATHS = (
					"$(inherited)",
					"@executable_path/Frameworks",
					"@loader_path/Frameworks",
				);
				PRODUCT_BUNDLE_IDENTIFIER = "ios.COVID-19Tests";
				PRODUCT_NAME = "$(TARGET_NAME)";
				SWIFT_VERSION = 5.0;
				TARGETED_DEVICE_FAMILY = "1,2";
				TEST_HOST = "$(BUILT_PRODUCTS_DIR)/COVID-19.app/COVID-19";
			};
			name = Release;
		};
		72D52D7824494C3000F82530 /* Debug */ = {
			isa = XCBuildConfiguration;
			buildSettings = {
				ALWAYS_EMBED_SWIFT_STANDARD_LIBRARIES = YES;
				CODE_SIGN_STYLE = Automatic;
				INFOPLIST_FILE = "COVID-19UITests/Info.plist";
				LD_RUNPATH_SEARCH_PATHS = (
					"$(inherited)",
					"@executable_path/Frameworks",
					"@loader_path/Frameworks",
				);
				PRODUCT_BUNDLE_IDENTIFIER = "ios.COVID-19UITests";
				PRODUCT_NAME = "$(TARGET_NAME)";
				SWIFT_VERSION = 5.0;
				TARGETED_DEVICE_FAMILY = "1,2";
				TEST_TARGET_NAME = "COVID-19";
			};
			name = Debug;
		};
		72D52D7924494C3000F82530 /* Release */ = {
			isa = XCBuildConfiguration;
			buildSettings = {
				ALWAYS_EMBED_SWIFT_STANDARD_LIBRARIES = YES;
				CODE_SIGN_STYLE = Automatic;
				INFOPLIST_FILE = "COVID-19UITests/Info.plist";
				LD_RUNPATH_SEARCH_PATHS = (
					"$(inherited)",
					"@executable_path/Frameworks",
					"@loader_path/Frameworks",
				);
				PRODUCT_BUNDLE_IDENTIFIER = "ios.COVID-19UITests";
				PRODUCT_NAME = "$(TARGET_NAME)";
				SWIFT_VERSION = 5.0;
				TARGETED_DEVICE_FAMILY = "1,2";
				TEST_TARGET_NAME = "COVID-19";
			};
			name = Release;
		};
/* End XCBuildConfiguration section */

/* Begin XCConfigurationList section */
		72D52D4224494C2B00F82530 /* Build configuration list for PBXProject "COVID-19" */ = {
			isa = XCConfigurationList;
			buildConfigurations = (
				72D52D6F24494C3000F82530 /* Debug */,
				72D52D7024494C3000F82530 /* Release */,
			);
			defaultConfigurationIsVisible = 0;
			defaultConfigurationName = Release;
		};
		72D52D7124494C3000F82530 /* Build configuration list for PBXNativeTarget "COVID-19" */ = {
			isa = XCConfigurationList;
			buildConfigurations = (
				72D52D7224494C3000F82530 /* Debug */,
				72D52D7324494C3000F82530 /* Release */,
			);
			defaultConfigurationIsVisible = 0;
			defaultConfigurationName = Release;
		};
		72D52D7424494C3000F82530 /* Build configuration list for PBXNativeTarget "COVID-19Tests" */ = {
			isa = XCConfigurationList;
			buildConfigurations = (
				72D52D7524494C3000F82530 /* Debug */,
				72D52D7624494C3000F82530 /* Release */,
			);
			defaultConfigurationIsVisible = 0;
			defaultConfigurationName = Release;
		};
		72D52D7724494C3000F82530 /* Build configuration list for PBXNativeTarget "COVID-19UITests" */ = {
			isa = XCConfigurationList;
			buildConfigurations = (
				72D52D7824494C3000F82530 /* Debug */,
				72D52D7924494C3000F82530 /* Release */,
			);
			defaultConfigurationIsVisible = 0;
			defaultConfigurationName = Release;
		};
/* End XCConfigurationList section */
	};
	rootObject = 72D52D3F24494C2B00F82530 /* Project object */;
}
